// !$*UTF8*$!
{
	archiveVersion = 1;
	classes = {
	};
	objectVersion = 50;
	objects = {

/* Begin PBXBuildFile section */
		F873ED5E21FED9F500B355BA /* AppDelegate.swift in Sources */ = {isa = PBXBuildFile; fileRef = F873ED5D21FED9F500B355BA /* AppDelegate.swift */; };
		F873ED6021FED9F500B355BA /* ViewController.swift in Sources */ = {isa = PBXBuildFile; fileRef = F873ED5F21FED9F500B355BA /* ViewController.swift */; };
		F873ED6321FED9F500B355BA /* Main.storyboard in Resources */ = {isa = PBXBuildFile; fileRef = F873ED6121FED9F500B355BA /* Main.storyboard */; };
		F873ED6521FED9F600B355BA /* Assets.xcassets in Resources */ = {isa = PBXBuildFile; fileRef = F873ED6421FED9F600B355BA /* Assets.xcassets */; };
		F873ED6821FED9F600B355BA /* LaunchScreen.storyboard in Resources */ = {isa = PBXBuildFile; fileRef = F873ED6621FED9F600B355BA /* LaunchScreen.storyboard */; };
		F873ED7821FF1A0B00B355BA /* UsedDates.swift in Sources */ = {isa = PBXBuildFile; fileRef = F873ED7721FF1A0B00B355BA /* UsedDates.swift */; };
		F873ED7A21FF337400B355BA /* DateCollectionViewCell.swift in Sources */ = {isa = PBXBuildFile; fileRef = F873ED7921FF337400B355BA /* DateCollectionViewCell.swift */; };
/* End PBXBuildFile section */

/* Begin PBXFileReference section */
		F873ED5A21FED9F500B355BA /* HorizontalCalendar.app */ = {isa = PBXFileReference; explicitFileType = wrapper.application; includeInIndex = 0; path = HorizontalCalendar.app; sourceTree = BUILT_PRODUCTS_DIR; };
		F873ED5D21FED9F500B355BA /* AppDelegate.swift */ = {isa = PBXFileReference; lastKnownFileType = sourcecode.swift; path = AppDelegate.swift; sourceTree = "<group>"; };
		F873ED5F21FED9F500B355BA /* ViewController.swift */ = {isa = PBXFileReference; lastKnownFileType = sourcecode.swift; path = ViewController.swift; sourceTree = "<group>"; };
		F873ED6221FED9F500B355BA /* Base */ = {isa = PBXFileReference; lastKnownFileType = file.storyboard; name = Base; path = Base.lproj/Main.storyboard; sourceTree = "<group>"; };
		F873ED6421FED9F600B355BA /* Assets.xcassets */ = {isa = PBXFileReference; lastKnownFileType = folder.assetcatalog; path = Assets.xcassets; sourceTree = "<group>"; };
		F873ED6721FED9F600B355BA /* Base */ = {isa = PBXFileReference; lastKnownFileType = file.storyboard; name = Base; path = Base.lproj/LaunchScreen.storyboard; sourceTree = "<group>"; };
		F873ED6921FED9F600B355BA /* Info.plist */ = {isa = PBXFileReference; lastKnownFileType = text.plist.xml; path = Info.plist; sourceTree = "<group>"; };
		F873ED7721FF1A0B00B355BA /* UsedDates.swift */ = {isa = PBXFileReference; lastKnownFileType = sourcecode.swift; path = UsedDates.swift; sourceTree = "<group>"; };
		F873ED7921FF337400B355BA /* DateCollectionViewCell.swift */ = {isa = PBXFileReference; lastKnownFileType = sourcecode.swift; path = DateCollectionViewCell.swift; sourceTree = "<group>"; };
		F89820832201C1D8001DB21D /* Simulator Screen Shot - iPhone 8 - 2019-01-30 at 14.26.58.png */ = {isa = PBXFileReference; lastKnownFileType = image.png; path = "Simulator Screen Shot - iPhone 8 - 2019-01-30 at 14.26.58.png"; sourceTree = "<group>"; };
/* End PBXFileReference section */

/* Begin PBXFrameworksBuildPhase section */
		F873ED5721FED9F500B355BA /* Frameworks */ = {
			isa = PBXFrameworksBuildPhase;
			buildActionMask = 2147483647;
			files = (
			);
			runOnlyForDeploymentPostprocessing = 0;
		};
/* End PBXFrameworksBuildPhase section */

/* Begin PBXGroup section */
		F873ED5121FED9F500B355BA = {
			isa = PBXGroup;
			children = (
				F873ED5C21FED9F500B355BA /* HorizontalCalendar */,
				F873ED5B21FED9F500B355BA /* Products */,
			);
			sourceTree = "<group>";
		};
		F873ED5B21FED9F500B355BA /* Products */ = {
			isa = PBXGroup;
			children = (
				F873ED5A21FED9F500B355BA /* HorizontalCalendar.app */,
			);
			name = Products;
			sourceTree = "<group>";
		};
		F873ED5C21FED9F500B355BA /* HorizontalCalendar */ = {
			isa = PBXGroup;
			children = (
				F873ED5D21FED9F500B355BA /* AppDelegate.swift */,
				F873ED5F21FED9F500B355BA /* ViewController.swift */,
				F873ED6121FED9F500B355BA /* Main.storyboard */,
				F873ED7921FF337400B355BA /* DateCollectionViewCell.swift */,
				F873ED6421FED9F600B355BA /* Assets.xcassets */,
				F873ED6621FED9F600B355BA /* LaunchScreen.storyboard */,
				F873ED6921FED9F600B355BA /* Info.plist */,
				F873ED7721FF1A0B00B355BA /* UsedDates.swift */,
				F89820832201C1D8001DB21D /* Simulator Screen Shot - iPhone 8 - 2019-01-30 at 14.26.58.png */,
			);
			path = HorizontalCalendar;
			sourceTree = "<group>";
		};
/* End PBXGroup section */

/* Begin PBXNativeTarget section */
		F873ED5921FED9F500B355BA /* HorizontalCalendar */ = {
			isa = PBXNativeTarget;
			buildConfigurationList = F873ED6C21FED9F600B355BA /* Build configuration list for PBXNativeTarget "HorizontalCalendar" */;
			buildPhases = (
				F873ED5621FED9F500B355BA /* Sources */,
				F873ED5721FED9F500B355BA /* Frameworks */,
				F873ED5821FED9F500B355BA /* Resources */,
			);
			buildRules = (
			);
			dependencies = (
			);
			name = HorizontalCalendar;
			productName = HorizontalCalendar;
			productReference = F873ED5A21FED9F500B355BA /* HorizontalCalendar.app */;
			productType = "com.apple.product-type.application";
		};
/* End PBXNativeTarget section */

/* Begin PBXProject section */
		F873ED5221FED9F500B355BA /* Project object */ = {
			isa = PBXProject;
			attributes = {
				LastSwiftUpdateCheck = 1010;
				LastUpgradeCheck = 1010;
				ORGANIZATIONNAME = "Tony Ayoub";
				TargetAttributes = {
					F873ED5921FED9F500B355BA = {
						CreatedOnToolsVersion = 10.1;
						LastSwiftMigration = 1030;
					};
				};
			};
			buildConfigurationList = F873ED5521FED9F500B355BA /* Build configuration list for PBXProject "HorizontalCalendar" */;
			compatibilityVersion = "Xcode 9.3";
			developmentRegion = en;
			hasScannedForEncodings = 0;
			knownRegions = (
				en,
				Base,
			);
			mainGroup = F873ED5121FED9F500B355BA;
			productRefGroup = F873ED5B21FED9F500B355BA /* Products */;
			projectDirPath = "";
			projectRoot = "";
			targets = (
				F873ED5921FED9F500B355BA /* HorizontalCalendar */,
			);
		};
/* End PBXProject section */

/* Begin PBXResourcesBuildPhase section */
		F873ED5821FED9F500B355BA /* Resources */ = {
			isa = PBXResourcesBuildPhase;
			buildActionMask = 2147483647;
			files = (
				F873ED6821FED9F600B355BA /* LaunchScreen.storyboard in Resources */,
				F873ED6521FED9F600B355BA /* Assets.xcassets in Resources */,
				F873ED6321FED9F500B355BA /* Main.storyboard in Resources */,
			);
			runOnlyForDeploymentPostprocessing = 0;
		};
/* End PBXResourcesBuildPhase section */

/* Begin PBXSourcesBuildPhase section */
		F873ED5621FED9F500B355BA /* Sources */ = {
			isa = PBXSourcesBuildPhase;
			buildActionMask = 2147483647;
			files = (
				F873ED7A21FF337400B355BA /* DateCollectionViewCell.swift in Sources */,
				F873ED7821FF1A0B00B355BA /* UsedDates.swift in Sources */,
				F873ED6021FED9F500B355BA /* ViewController.swift in Sources */,
				F873ED5E21FED9F500B355BA /* AppDelegate.swift in Sources */,
			);
			runOnlyForDeploymentPostprocessing = 0;
		};
/* End PBXSourcesBuildPhase section */

/* Begin PBXVariantGroup section */
		F873ED6121FED9F500B355BA /* Main.storyboard */ = {
			isa = PBXVariantGroup;
			children = (
				F873ED6221FED9F500B355BA /* Base */,
			);
			name = Main.storyboard;
			sourceTree = "<group>";
		};
		F873ED6621FED9F600B355BA /* LaunchScreen.storyboard */ = {
			isa = PBXVariantGroup;
			children = (
				F873ED6721FED9F600B355BA /* Base */,
			);
			name = LaunchScreen.storyboard;
			sourceTree = "<group>";
		};
/* End PBXVariantGroup section */

/* Begin XCBuildConfiguration section */
		F873ED6A21FED9F600B355BA /* Debug */ = {
			isa = XCBuildConfiguration;
			buildSettings = {
				ALWAYS_SEARCH_USER_PATHS = NO;
				CLANG_ANALYZER_NONNULL = YES;
				CLANG_ANALYZER_NUMBER_OBJECT_CONVERSION = YES_AGGRESSIVE;
				CLANG_CXX_LANGUAGE_STANDARD = "gnu++14";
				CLANG_CXX_LIBRARY = "libc++";
				CLANG_ENABLE_MODULES = YES;
				CLANG_ENABLE_OBJC_ARC = YES;
				CLANG_ENABLE_OBJC_WEAK = YES;
				CLANG_WARN_BLOCK_CAPTURE_AUTORELEASING = YES;
				CLANG_WARN_BOOL_CONVERSION = YES;
				CLANG_WARN_COMMA = YES;
				CLANG_WARN_CONSTANT_CONVERSION = YES;
				CLANG_WARN_DEPRECATED_OBJC_IMPLEMENTATIONS = YES;
				CLANG_WARN_DIRECT_OBJC_ISA_USAGE = YES_ERROR;
				CLANG_WARN_DOCUMENTATION_COMMENTS = YES;
				CLANG_WARN_EMPTY_BODY = YES;
				CLANG_WARN_ENUM_CONVERSION = YES;
				CLANG_WARN_INFINITE_RECURSION = YES;
				CLANG_WARN_INT_CONVERSION = YES;
				CLANG_WARN_NON_LITERAL_NULL_CONVERSION = YES;
				CLANG_WARN_OBJC_IMPLICIT_RETAIN_SELF = YES;
				CLANG_WARN_OBJC_LITERAL_CONVERSION = YES;
				CLANG_WARN_OBJC_ROOT_CLASS = YES_ERROR;
				CLANG_WARN_RANGE_LOOP_ANALYSIS = YES;
				CLANG_WARN_STRICT_PROTOTYPES = YES;
				CLANG_WARN_SUSPICIOUS_MOVE = YES;
				CLANG_WARN_UNGUARDED_AVAILABILITY = YES_AGGRESSIVE;
				CLANG_WARN_UNREACHABLE_CODE = YES;
				CLANG_WARN__DUPLICATE_METHOD_MATCH = YES;
				CODE_SIGN_IDENTITY = "iPhone Developer";
				COPY_PHASE_STRIP = NO;
				DEBUG_INFORMATION_FORMAT = dwarf;
				ENABLE_STRICT_OBJC_MSGSEND = YES;
				ENABLE_TESTABILITY = YES;
				GCC_C_LANGUAGE_STANDARD = gnu11;
				GCC_DYNAMIC_NO_PIC = NO;
				GCC_NO_COMMON_BLOCKS = YES;
				GCC_OPTIMIZATION_LEVEL = 0;
				GCC_PREPROCESSOR_DEFINITIONS = (
					"DEBUG=1",
					"$(inherited)",
				);
				GCC_WARN_64_TO_32_BIT_CONVERSION = YES;
				GCC_WARN_ABOUT_RETURN_TYPE = YES_ERROR;
				GCC_WARN_UNDECLARED_SELECTOR = YES;
				GCC_WARN_UNINITIALIZED_AUTOS = YES_AGGRESSIVE;
				GCC_WARN_UNUSED_FUNCTION = YES;
				GCC_WARN_UNUSED_VARIABLE = YES;
				IPHONEOS_DEPLOYMENT_TARGET = 12.1;
				MTL_ENABLE_DEBUG_INFO = INCLUDE_SOURCE;
				MTL_FAST_MATH = YES;
				ONLY_ACTIVE_ARCH = YES;
				SDKROOT = iphoneos;
				SWIFT_ACTIVE_COMPILATION_CONDITIONS = DEBUG;
				SWIFT_OPTIMIZATION_LEVEL = "-Onone";
			};
			name = Debug;
		};
		F873ED6B21FED9F600B355BA /* Release */ = {
			isa = XCBuildConfiguration;
			buildSettings = {
				ALWAYS_SEARCH_USER_PATHS = NO;
				CLANG_ANALYZER_NONNULL = YES;
				CLANG_ANALYZER_NUMBER_OBJECT_CONVERSION = YES_AGGRESSIVE;
				CLANG_CXX_LANGUAGE_STANDARD = "gnu++14";
				CLANG_CXX_LIBRARY = "libc++";
				CLANG_ENABLE_MODULES = YES;
				CLANG_ENABLE_OBJC_ARC = YES;
				CLANG_ENABLE_OBJC_WEAK = YES;
				CLANG_WARN_BLOCK_CAPTURE_AUTORELEASING = YES;
				CLANG_WARN_BOOL_CONVERSION = YES;
				CLANG_WARN_COMMA = YES;
				CLANG_WARN_CONSTANT_CONVERSION = YES;
				CLANG_WARN_DEPRECATED_OBJC_IMPLEMENTATIONS = YES;
				CLANG_WARN_DIRECT_OBJC_ISA_USAGE = YES_ERROR;
				CLANG_WARN_DOCUMENTATION_COMMENTS = YES;
				CLANG_WARN_EMPTY_BODY = YES;
				CLANG_WARN_ENUM_CONVERSION = YES;
				CLANG_WARN_INFINITE_RECURSION = YES;
				CLANG_WARN_INT_CONVERSION = YES;
				CLANG_WARN_NON_LITERAL_NULL_CONVERSION = YES;
				CLANG_WARN_OBJC_IMPLICIT_RETAIN_SELF = YES;
				CLANG_WARN_OBJC_LITERAL_CONVERSION = YES;
				CLANG_WARN_OBJC_ROOT_CLASS = YES_ERROR;
				CLANG_WARN_RANGE_LOOP_ANALYSIS = YES;
				CLANG_WARN_STRICT_PROTOTYPES = YES;
				CLANG_WARN_SUSPICIOUS_MOVE = YES;
				CLANG_WARN_UNGUARDED_AVAILABILITY = YES_AGGRESSIVE;
				CLANG_WARN_UNREACHABLE_CODE = YES;
				CLANG_WARN__DUPLICATE_METHOD_MATCH = YES;
				CODE_SIGN_IDENTITY = "iPhone Developer";
				COPY_PHASE_STRIP = NO;
				DEBUG_INFORMATION_FORMAT = "dwarf-with-dsym";
				ENABLE_NS_ASSERTIONS = NO;
				ENABLE_STRICT_OBJC_MSGSEND = YES;
				GCC_C_LANGUAGE_STANDARD = gnu11;
				GCC_NO_COMMON_BLOCKS = YES;
				GCC_WARN_64_TO_32_BIT_CONVERSION = YES;
				GCC_WARN_ABOUT_RETURN_TYPE = YES_ERROR;
				GCC_WARN_UNDECLARED_SELECTOR = YES;
				GCC_WARN_UNINITIALIZED_AUTOS = YES_AGGRESSIVE;
				GCC_WARN_UNUSED_FUNCTION = YES;
				GCC_WARN_UNUSED_VARIABLE = YES;
				IPHONEOS_DEPLOYMENT_TARGET = 12.1;
				MTL_ENABLE_DEBUG_INFO = NO;
				MTL_FAST_MATH = YES;
				SDKROOT = iphoneos;
				SWIFT_COMPILATION_MODE = wholemodule;
				SWIFT_OPTIMIZATION_LEVEL = "-O";
				VALIDATE_PRODUCT = YES;
			};
			name = Release;
		};
		F873ED6D21FED9F600B355BA /* Debug */ = {
			isa = XCBuildConfiguration;
			buildSettings = {
				ASSETCATALOG_COMPILER_APPICON_NAME = AppIcon;
				CODE_SIGN_STYLE = Automatic;
				DEVELOPMENT_TEAM = 9HKUVL2QGT;
				INFOPLIST_FILE = HorizontalCalendar/Info.plist;
				LD_RUNPATH_SEARCH_PATHS = (
					"$(inherited)",
					"@executable_path/Frameworks",
				);
				PRODUCT_BUNDLE_IDENTIFIER = com.amahy.HorizontalCalendar;
				PRODUCT_NAME = "$(TARGET_NAME)";
				SWIFT_VERSION = 5.0;
				TARGETED_DEVICE_FAMILY = "1,2";
			};
			name = Debug;
		};
		F873ED6E21FED9F600B355BA /* Release */ = {
			isa = XCBuildConfiguration;
			buildSettings = {
				ASSETCATALOG_COMPILER_APPICON_NAME = AppIcon;
				CODE_SIGN_STYLE = Automatic;
				DEVELOPMENT_TEAM = 9HKUVL2QGT;
				INFOPLIST_FILE = HorizontalCalendar/Info.plist;
				LD_RUNPATH_SEARCH_PATHS = (
					"$(inherited)",
					"@executable_path/Frameworks",
				);
				PRODUCT_BUNDLE_IDENTIFIER = com.amahy.HorizontalCalendar;
				PRODUCT_NAME = "$(TARGET_NAME)";
				SWIFT_VERSION = 5.0;
				TARGETED_DEVICE_FAMILY = "1,2";
			};
			name = Release;
		};
/* End XCBuildConfiguration section */

/* Begin XCConfigurationList section */
		F873ED5521FED9F500B355BA /* Build configuration list for PBXProject "HorizontalCalendar" */ = {
			isa = XCConfigurationList;
			buildConfigurations = (
				F873ED6A21FED9F600B355BA /* Debug */,
				F873ED6B21FED9F600B355BA /* Release */,
			);
			defaultConfigurationIsVisible = 0;
			defaultConfigurationName = Release;
		};
		F873ED6C21FED9F600B355BA /* Build configuration list for PBXNativeTarget "HorizontalCalendar" */ = {
			isa = XCConfigurationList;
			buildConfigurations = (
				F873ED6D21FED9F600B355BA /* Debug */,
				F873ED6E21FED9F600B355BA /* Release */,
			);
			defaultConfigurationIsVisible = 0;
			defaultConfigurationName = Release;
		};
/* End XCConfigurationList section */
	};
	rootObject = F873ED5221FED9F500B355BA /* Project object */;
}
